
Microsoft Visual Studio Solution File, Format Version 12.00
# Visual Studio 15
VisualStudioVersion = 15.0.28307.106
MinimumVisualStudioVersion = 10.0.40219.1
Project("{FAE04EC0-301F-11D3-BF4B-00C04F79EFBC}") = "FoodAutomata", "FoodAutomata\FoodAutomata.csproj", "{0B1711F2-D18C-4EA5-98A8-B318873450EC}"
EndProject
Global
	GlobalSection(SolutionConfigurationPlatforms) = preSolution
		Debug|Any CPU = Debug|Any CPU
		Release|Any CPU = Release|Any CPU
	EndGlobalSection
	GlobalSection(ProjectConfigurationPlatforms) = postSolution
		{0B1711F2-D18C-4EA5-98A8-B318873450EC}.Debug|Any CPU.ActiveCfg = Debug|Any CPU
		{0B1711F2-D18C-4EA5-98A8-B318873450EC}.Debug|Any CPU.Build.0 = Debug|Any CPU
		{0B1711F2-D18C-4EA5-98A8-B318873450EC}.Release|Any CPU.ActiveCfg = Release|Any CPU
		{0B1711F2-D18C-4EA5-98A8-B318873450EC}.Release|Any CPU.Build.0 = Release|Any CPU
	EndGlobalSection
	GlobalSection(SolutionProperties) = preSolution
		HideSolutionNode = FALSE
	EndGlobalSection
	GlobalSection(ExtensibilityGlobals) = postSolution
		SolutionGuid = {FEB4DB11-93A1-4189-913F-FE2B5488AE1C}
	EndGlobalSection
EndGlobal
